{
  "name": "Test",
  "lockfileVersion": 3,
  "requires": true,
  "packages": {
    "": {
      "dependencies": {
        "unit": "^1.4.3-0"
      }
    },
    "node_modules/colors": {
      "version": "1.4.0",
      "resolved": "https://registry.npmjs.org/colors/-/colors-1.4.0.tgz",
      "integrity": "sha512-a+UqTh4kgZg/SlGvfbzDHpgRu7AAQOmmqRHJnxhRZICKFUT91brVhNNt58CMWU9PsBbv3PDCZUHbVxuDiH2mtA==",
      "engines": {
        "node": ">=0.1.90"
      }
    },
    "node_modules/unit": {
      "version": "1.4.3-0",
      "resolved": "https://registry.npmjs.org/unit/-/unit-1.4.3-0.tgz",
      "integrity": "sha512-rHCvX73mW29fZERw+vyig3O0UAnt3aeVmudtBfjku5B9HcBDz/E3liFGQbRZs+lGdn3Is/hnIvAr+JVYqtm/xw==",
      "dependencies": {
        "colors": "^1.3.3"
      }
    }
  }
}
